
Microsoft Visual Studio Solution File, Format Version 12.00
# Visual Studio Version 16
VisualStudioVersion = 16.0.32002.261
MinimumVisualStudioVersion = 10.0.40219.1
Project("{b653d603-2bc0-4d70-b675-c9caf11fb0fe}") = "AutoExposure", "AutoExposure.csproj", "{5cd8f475-3c2d-4f61-91d0-47f380086ea5}"
EndProject
Global
	GlobalSection(SolutionConfigurationPlatforms) = preSolution
		Debug|Any CPU = Debug|Any CPU
		Release|Any CPU = Release|Any CPU
	EndGlobalSection
	GlobalSection(ProjectConfigurationPlatforms) = postSolution
		{5cd8f475-3c2d-4f61-91d0-47f380086ea5}.Debug|Any CPU.ActiveCfg = Debug|Any CPU
		{5cd8f475-3c2d-4f61-91d0-47f380086ea5}.Debug|Any CPU.Build.0 = Debug|Any CPU
		{5cd8f475-3c2d-4f61-91d0-47f380086ea5}.Release|Any CPU.ActiveCfg = Release|Any CPU
		{5cd8f475-3c2d-4f61-91d0-47f380086ea5}.Release|Any CPU.Build.0 = Release|Any CPU
	EndGlobalSection
	GlobalSection(SolutionProperties) = preSolution
		HideSolutionNode = FALSE
	EndGlobalSection
	GlobalSection(ExtensibilityGlobals) = postSolution
		SolutionGuid = {97abcfea-a5ae-4acf-8174-61e355bf6625}
	EndGlobalSection
EndGlobal
